// !$*UTF8*$!
{
	archiveVersion = 1;
	classes = {
	};
	objectVersion = 46;
	objects = {

/* Begin PBXBuildFile section */
		41490F881C2F2AB200406751 /* Model_UML_Iteration_1.pdf in Resources */ = {isa = PBXBuildFile; fileRef = 41490F871C2F2AB200406751 /* Model_UML_Iteration_1.pdf */; };
		41490F8B1C2F2B2600406751 /* request.swift in Sources */ = {isa = PBXBuildFile; fileRef = 41490F8A1C2F2B2600406751 /* request.swift */; };
		41490F8D1C2F334800406751 /* Passenger.swift in Sources */ = {isa = PBXBuildFile; fileRef = 41490F8C1C2F334800406751 /* Passenger.swift */; settings = {ASSET_TAGS = (); }; };
		6B39374A1C2EC03F0012F534 /* AppDelegate.swift in Sources */ = {isa = PBXBuildFile; fileRef = 6B3937491C2EC03F0012F534 /* AppDelegate.swift */; };
		6B39374F1C2EC03F0012F534 /* Main.storyboard in Resources */ = {isa = PBXBuildFile; fileRef = 6B39374D1C2EC03F0012F534 /* Main.storyboard */; };
		6B3937521C2EC03F0012F534 /* CarPooling.xcdatamodeld in Sources */ = {isa = PBXBuildFile; fileRef = 6B3937501C2EC03F0012F534 /* CarPooling.xcdatamodeld */; };
		6B3937541C2EC03F0012F534 /* Assets.xcassets in Resources */ = {isa = PBXBuildFile; fileRef = 6B3937531C2EC03F0012F534 /* Assets.xcassets */; };
		6B3937571C2EC03F0012F534 /* LaunchScreen.storyboard in Resources */ = {isa = PBXBuildFile; fileRef = 6B3937551C2EC03F0012F534 /* LaunchScreen.storyboard */; };
		6B3937621C2EC03F0012F534 /* CarPoolingTests.swift in Sources */ = {isa = PBXBuildFile; fileRef = 6B3937611C2EC03F0012F534 /* CarPoolingTests.swift */; };
		6B39376D1C2EC03F0012F534 /* CarPoolingUITests.swift in Sources */ = {isa = PBXBuildFile; fileRef = 6B39376C1C2EC03F0012F534 /* CarPoolingUITests.swift */; };
		6B39377B1C2F1D410012F534 /* ExploreVC.swift in Sources */ = {isa = PBXBuildFile; fileRef = 6B39377A1C2F1D410012F534 /* ExploreVC.swift */; };
		6B39377D1C2F25020012F534 /* User.swift in Sources */ = {isa = PBXBuildFile; fileRef = 6B39377C1C2F25020012F534 /* User.swift */; };
		6B6E8BAA1C2F32BE0072962F /* Driver.swift in Sources */ = {isa = PBXBuildFile; fileRef = 6B6E8BA91C2F32BE0072962F /* Driver.swift */; };
/* End PBXBuildFile section */

/* Begin PBXContainerItemProxy section */
		6B39375E1C2EC03F0012F534 /* PBXContainerItemProxy */ = {
			isa = PBXContainerItemProxy;
			containerPortal = 6B39373E1C2EC03F0012F534 /* Project object */;
			proxyType = 1;
			remoteGlobalIDString = 6B3937451C2EC03F0012F534;
			remoteInfo = CarPooling;
		};
		6B3937691C2EC03F0012F534 /* PBXContainerItemProxy */ = {
			isa = PBXContainerItemProxy;
			containerPortal = 6B39373E1C2EC03F0012F534 /* Project object */;
			proxyType = 1;
			remoteGlobalIDString = 6B3937451C2EC03F0012F534;
			remoteInfo = CarPooling;
		};
/* End PBXContainerItemProxy section */

/* Begin PBXFileReference section */
		41490F871C2F2AB200406751 /* Model_UML_Iteration_1.pdf */ = {isa = PBXFileReference; lastKnownFileType = image.pdf; path = Model_UML_Iteration_1.pdf; sourceTree = "<group>"; };
		41490F8A1C2F2B2600406751 /* request.swift */ = {isa = PBXFileReference; fileEncoding = 4; lastKnownFileType = sourcecode.swift; path = request.swift; sourceTree = "<group>"; };
		41490F8C1C2F334800406751 /* Passenger.swift */ = {isa = PBXFileReference; fileEncoding = 4; lastKnownFileType = sourcecode.swift; path = Passenger.swift; sourceTree = "<group>"; };
		6B3937461C2EC03F0012F534 /* CarPooling.app */ = {isa = PBXFileReference; explicitFileType = wrapper.application; includeInIndex = 0; path = CarPooling.app; sourceTree = BUILT_PRODUCTS_DIR; };
		6B3937491C2EC03F0012F534 /* AppDelegate.swift */ = {isa = PBXFileReference; lastKnownFileType = sourcecode.swift; path = AppDelegate.swift; sourceTree = "<group>"; };
		6B39374E1C2EC03F0012F534 /* Base */ = {isa = PBXFileReference; lastKnownFileType = file.storyboard; name = Base; path = Base.lproj/Main.storyboard; sourceTree = "<group>"; };
		6B3937511C2EC03F0012F534 /* CarPooling.xcdatamodel */ = {isa = PBXFileReference; lastKnownFileType = wrapper.xcdatamodel; path = CarPooling.xcdatamodel; sourceTree = "<group>"; };
		6B3937531C2EC03F0012F534 /* Assets.xcassets */ = {isa = PBXFileReference; lastKnownFileType = folder.assetcatalog; path = Assets.xcassets; sourceTree = "<group>"; };
		6B3937561C2EC03F0012F534 /* Base */ = {isa = PBXFileReference; lastKnownFileType = file.storyboard; name = Base; path = Base.lproj/LaunchScreen.storyboard; sourceTree = "<group>"; };
		6B3937581C2EC03F0012F534 /* Info.plist */ = {isa = PBXFileReference; lastKnownFileType = text.plist.xml; path = Info.plist; sourceTree = "<group>"; };
		6B39375D1C2EC03F0012F534 /* CarPoolingTests.xctest */ = {isa = PBXFileReference; explicitFileType = wrapper.cfbundle; includeInIndex = 0; path = CarPoolingTests.xctest; sourceTree = BUILT_PRODUCTS_DIR; };
		6B3937611C2EC03F0012F534 /* CarPoolingTests.swift */ = {isa = PBXFileReference; lastKnownFileType = sourcecode.swift; path = CarPoolingTests.swift; sourceTree = "<group>"; };
		6B3937631C2EC03F0012F534 /* Info.plist */ = {isa = PBXFileReference; lastKnownFileType = text.plist.xml; path = Info.plist; sourceTree = "<group>"; };
		6B3937681C2EC03F0012F534 /* CarPoolingUITests.xctest */ = {isa = PBXFileReference; explicitFileType = wrapper.cfbundle; includeInIndex = 0; path = CarPoolingUITests.xctest; sourceTree = BUILT_PRODUCTS_DIR; };
		6B39376C1C2EC03F0012F534 /* CarPoolingUITests.swift */ = {isa = PBXFileReference; lastKnownFileType = sourcecode.swift; path = CarPoolingUITests.swift; sourceTree = "<group>"; };
		6B39376E1C2EC03F0012F534 /* Info.plist */ = {isa = PBXFileReference; lastKnownFileType = text.plist.xml; path = Info.plist; sourceTree = "<group>"; };
		6B39377A1C2F1D410012F534 /* ExploreVC.swift */ = {isa = PBXFileReference; fileEncoding = 4; lastKnownFileType = sourcecode.swift; path = ExploreVC.swift; sourceTree = "<group>"; };
		6B39377C1C2F25020012F534 /* User.swift */ = {isa = PBXFileReference; fileEncoding = 4; lastKnownFileType = sourcecode.swift; path = User.swift; sourceTree = "<group>"; };
		6B6E8BA91C2F32BE0072962F /* Driver.swift */ = {isa = PBXFileReference; fileEncoding = 4; lastKnownFileType = sourcecode.swift; path = Driver.swift; sourceTree = "<group>"; };
/* End PBXFileReference section */

/* Begin PBXFrameworksBuildPhase section */
		6B3937431C2EC03F0012F534 /* Frameworks */ = {
			isa = PBXFrameworksBuildPhase;
			buildActionMask = 2147483647;
			files = (
			);
			runOnlyForDeploymentPostprocessing = 0;
		};
		6B39375A1C2EC03F0012F534 /* Frameworks */ = {
			isa = PBXFrameworksBuildPhase;
			buildActionMask = 2147483647;
			files = (
			);
			runOnlyForDeploymentPostprocessing = 0;
		};
		6B3937651C2EC03F0012F534 /* Frameworks */ = {
			isa = PBXFrameworksBuildPhase;
			buildActionMask = 2147483647;
			files = (
			);
			runOnlyForDeploymentPostprocessing = 0;
		};
/* End PBXFrameworksBuildPhase section */

/* Begin PBXGroup section */
		41490F891C2F2AC900406751 /* UML */ = {
			isa = PBXGroup;
			children = (
				41490F871C2F2AB200406751 /* Model_UML_Iteration_1.pdf */,
			);
			name = UML;
			sourceTree = "<group>";
		};
		6B39373D1C2EC03F0012F534 = {
			isa = PBXGroup;
			children = (
				41490F891C2F2AC900406751 /* UML */,
				6B3937481C2EC03F0012F534 /* CarPooling */,
				6B3937601C2EC03F0012F534 /* CarPoolingTests */,
				6B39376B1C2EC03F0012F534 /* CarPoolingUITests */,
				6B3937471C2EC03F0012F534 /* Products */,
			);
			sourceTree = "<group>";
		};
		6B3937471C2EC03F0012F534 /* Products */ = {
			isa = PBXGroup;
			children = (
				6B3937461C2EC03F0012F534 /* CarPooling.app */,
				6B39375D1C2EC03F0012F534 /* CarPoolingTests.xctest */,
				6B3937681C2EC03F0012F534 /* CarPoolingUITests.xctest */,
			);
			name = Products;
			sourceTree = "<group>";
		};
		6B3937481C2EC03F0012F534 /* CarPooling */ = {
			isa = PBXGroup;
			children = (
				6B3937491C2EC03F0012F534 /* AppDelegate.swift */,
				41490F8A1C2F2B2600406751 /* request.swift */,
				6B39374D1C2EC03F0012F534 /* Main.storyboard */,
				6B39377A1C2F1D410012F534 /* ExploreVC.swift */,
				6B39377C1C2F25020012F534 /* User.swift */,
				6B6E8BA91C2F32BE0072962F /* Driver.swift */,
				41490F8C1C2F334800406751 /* Passenger.swift */,
				6B3937531C2EC03F0012F534 /* Assets.xcassets */,
				6B3937551C2EC03F0012F534 /* LaunchScreen.storyboard */,
				6B3937581C2EC03F0012F534 /* Info.plist */,
				6B3937501C2EC03F0012F534 /* CarPooling.xcdatamodeld */,
			);
			path = CarPooling;
			sourceTree = "<group>";
		};
		6B3937601C2EC03F0012F534 /* CarPoolingTests */ = {
			isa = PBXGroup;
			children = (
				6B3937611C2EC03F0012F534 /* CarPoolingTests.swift */,
				6B3937631C2EC03F0012F534 /* Info.plist */,
			);
			path = CarPoolingTests;
			sourceTree = "<group>";
		};
		6B39376B1C2EC03F0012F534 /* CarPoolingUITests */ = {
			isa = PBXGroup;
			children = (
				6B39376C1C2EC03F0012F534 /* CarPoolingUITests.swift */,
				6B39376E1C2EC03F0012F534 /* Info.plist */,
			);
			path = CarPoolingUITests;
			sourceTree = "<group>";
		};
/* End PBXGroup section */

/* Begin PBXNativeTarget section */
		6B3937451C2EC03F0012F534 /* CarPooling */ = {
			isa = PBXNativeTarget;
			buildConfigurationList = 6B3937711C2EC03F0012F534 /* Build configuration list for PBXNativeTarget "CarPooling" */;
			buildPhases = (
				6B3937421C2EC03F0012F534 /* Sources */,
				6B3937431C2EC03F0012F534 /* Frameworks */,
				6B3937441C2EC03F0012F534 /* Resources */,
			);
			buildRules = (
			);
			dependencies = (
			);
			name = CarPooling;
			productName = CarPooling;
			productReference = 6B3937461C2EC03F0012F534 /* CarPooling.app */;
			productType = "com.apple.product-type.application";
		};
		6B39375C1C2EC03F0012F534 /* CarPoolingTests */ = {
			isa = PBXNativeTarget;
			buildConfigurationList = 6B3937741C2EC03F0012F534 /* Build configuration list for PBXNativeTarget "CarPoolingTests" */;
			buildPhases = (
				6B3937591C2EC03F0012F534 /* Sources */,
				6B39375A1C2EC03F0012F534 /* Frameworks */,
				6B39375B1C2EC03F0012F534 /* Resources */,
			);
			buildRules = (
			);
			dependencies = (
				6B39375F1C2EC03F0012F534 /* PBXTargetDependency */,
			);
			name = CarPoolingTests;
			productName = CarPoolingTests;
			productReference = 6B39375D1C2EC03F0012F534 /* CarPoolingTests.xctest */;
			productType = "com.apple.product-type.bundle.unit-test";
		};
		6B3937671C2EC03F0012F534 /* CarPoolingUITests */ = {
			isa = PBXNativeTarget;
			buildConfigurationList = 6B3937771C2EC03F0012F534 /* Build configuration list for PBXNativeTarget "CarPoolingUITests" */;
			buildPhases = (
				6B3937641C2EC03F0012F534 /* Sources */,
				6B3937651C2EC03F0012F534 /* Frameworks */,
				6B3937661C2EC03F0012F534 /* Resources */,
			);
			buildRules = (
			);
			dependencies = (
				6B39376A1C2EC03F0012F534 /* PBXTargetDependency */,
			);
			name = CarPoolingUITests;
			productName = CarPoolingUITests;
			productReference = 6B3937681C2EC03F0012F534 /* CarPoolingUITests.xctest */;
			productType = "com.apple.product-type.bundle.ui-testing";
		};
/* End PBXNativeTarget section */

/* Begin PBXProject section */
		6B39373E1C2EC03F0012F534 /* Project object */ = {
			isa = PBXProject;
			attributes = {
				LastSwiftUpdateCheck = 0710;
				LastUpgradeCheck = 0710;
				ORGANIZATIONNAME = "Badr AlKhamissi";
				TargetAttributes = {
					6B3937451C2EC03F0012F534 = {
						CreatedOnToolsVersion = 7.1.1;
						DevelopmentTeam = 5447RSPNK9;
					};
					6B39375C1C2EC03F0012F534 = {
						CreatedOnToolsVersion = 7.1.1;
						DevelopmentTeam = 5447RSPNK9;
						TestTargetID = 6B3937451C2EC03F0012F534;
					};
					6B3937671C2EC03F0012F534 = {
						CreatedOnToolsVersion = 7.1.1;
						DevelopmentTeam = 5447RSPNK9;
						TestTargetID = 6B3937451C2EC03F0012F534;
					};
				};
			};
			buildConfigurationList = 6B3937411C2EC03F0012F534 /* Build configuration list for PBXProject "CarPooling" */;
			compatibilityVersion = "Xcode 3.2";
			developmentRegion = English;
			hasScannedForEncodings = 0;
			knownRegions = (
				en,
				Base,
			);
			mainGroup = 6B39373D1C2EC03F0012F534;
			productRefGroup = 6B3937471C2EC03F0012F534 /* Products */;
			projectDirPath = "";
			projectRoot = "";
			targets = (
				6B3937451C2EC03F0012F534 /* CarPooling */,
				6B39375C1C2EC03F0012F534 /* CarPoolingTests */,
				6B3937671C2EC03F0012F534 /* CarPoolingUITests */,
			);
		};
/* End PBXProject section */

/* Begin PBXResourcesBuildPhase section */
		6B3937441C2EC03F0012F534 /* Resources */ = {
			isa = PBXResourcesBuildPhase;
			buildActionMask = 2147483647;
			files = (
				6B3937571C2EC03F0012F534 /* LaunchScreen.storyboard in Resources */,
				41490F881C2F2AB200406751 /* Model_UML_Iteration_1.pdf in Resources */,
				6B3937541C2EC03F0012F534 /* Assets.xcassets in Resources */,
				6B39374F1C2EC03F0012F534 /* Main.storyboard in Resources */,
			);
			runOnlyForDeploymentPostprocessing = 0;
		};
		6B39375B1C2EC03F0012F534 /* Resources */ = {
			isa = PBXResourcesBuildPhase;
			buildActionMask = 2147483647;
			files = (
			);
			runOnlyForDeploymentPostprocessing = 0;
		};
		6B3937661C2EC03F0012F534 /* Resources */ = {
			isa = PBXResourcesBuildPhase;
			buildActionMask = 2147483647;
			files = (
			);
			runOnlyForDeploymentPostprocessing = 0;
		};
/* End PBXResourcesBuildPhase section */

/* Begin PBXSourcesBuildPhase section */
		6B3937421C2EC03F0012F534 /* Sources */ = {
			isa = PBXSourcesBuildPhase;
			buildActionMask = 2147483647;
			files = (
				6B39377B1C2F1D410012F534 /* ExploreVC.swift in Sources */,
				41490F8D1C2F334800406751 /* Passenger.swift in Sources */,
				6B39377D1C2F25020012F534 /* User.swift in Sources */,
				6B3937521C2EC03F0012F534 /* CarPooling.xcdatamodeld in Sources */,
				6B6E8BAA1C2F32BE0072962F /* Driver.swift in Sources */,
				6B39374A1C2EC03F0012F534 /* AppDelegate.swift in Sources */,
				41490F8B1C2F2B2600406751 /* request.swift in Sources */,
			);
			runOnlyForDeploymentPostprocessing = 0;
		};
		6B3937591C2EC03F0012F534 /* Sources */ = {
			isa = PBXSourcesBuildPhase;
			buildActionMask = 2147483647;
			files = (
				6B3937621C2EC03F0012F534 /* CarPoolingTests.swift in Sources */,
			);
			runOnlyForDeploymentPostprocessing = 0;
		};
		6B3937641C2EC03F0012F534 /* Sources */ = {
			isa = PBXSourcesBuildPhase;
			buildActionMask = 2147483647;
			files = (
				6B39376D1C2EC03F0012F534 /* CarPoolingUITests.swift in Sources */,
			);
			runOnlyForDeploymentPostprocessing = 0;
		};
/* End PBXSourcesBuildPhase section */

/* Begin PBXTargetDependency section */
		6B39375F1C2EC03F0012F534 /* PBXTargetDependency */ = {
			isa = PBXTargetDependency;
			target = 6B3937451C2EC03F0012F534 /* CarPooling */;
			targetProxy = 6B39375E1C2EC03F0012F534 /* PBXContainerItemProxy */;
		};
		6B39376A1C2EC03F0012F534 /* PBXTargetDependency */ = {
			isa = PBXTargetDependency;
			target = 6B3937451C2EC03F0012F534 /* CarPooling */;
			targetProxy = 6B3937691C2EC03F0012F534 /* PBXContainerItemProxy */;
		};
/* End PBXTargetDependency section */

/* Begin PBXVariantGroup section */
		6B39374D1C2EC03F0012F534 /* Main.storyboard */ = {
			isa = PBXVariantGroup;
			children = (
				6B39374E1C2EC03F0012F534 /* Base */,
			);
			name = Main.storyboard;
			sourceTree = "<group>";
		};
		6B3937551C2EC03F0012F534 /* LaunchScreen.storyboard */ = {
			isa = PBXVariantGroup;
			children = (
				6B3937561C2EC03F0012F534 /* Base */,
			);
			name = LaunchScreen.storyboard;
			sourceTree = "<group>";
		};
/* End PBXVariantGroup section */

/* Begin XCBuildConfiguration section */
		6B39376F1C2EC03F0012F534 /* Debug */ = {
			isa = XCBuildConfiguration;
			buildSettings = {
				ALWAYS_SEARCH_USER_PATHS = NO;
				CLANG_CXX_LANGUAGE_STANDARD = "gnu++0x";
				CLANG_CXX_LIBRARY = "libc++";
				CLANG_ENABLE_MODULES = YES;
				CLANG_ENABLE_OBJC_ARC = YES;
				CLANG_WARN_BOOL_CONVERSION = YES;
				CLANG_WARN_CONSTANT_CONVERSION = YES;
				CLANG_WARN_DIRECT_OBJC_ISA_USAGE = YES_ERROR;
				CLANG_WARN_EMPTY_BODY = YES;
				CLANG_WARN_ENUM_CONVERSION = YES;
				CLANG_WARN_INT_CONVERSION = YES;
				CLANG_WARN_OBJC_ROOT_CLASS = YES_ERROR;
				CLANG_WARN_UNREACHABLE_CODE = YES;
				CLANG_WARN__DUPLICATE_METHOD_MATCH = YES;
				"CODE_SIGN_IDENTITY[sdk=iphoneos*]" = "iPhone Developer";
				COPY_PHASE_STRIP = NO;
				DEBUG_INFORMATION_FORMAT = dwarf;
				ENABLE_STRICT_OBJC_MSGSEND = YES;
				ENABLE_TESTABILITY = YES;
				GCC_C_LANGUAGE_STANDARD = gnu99;
				GCC_DYNAMIC_NO_PIC = NO;
				GCC_NO_COMMON_BLOCKS = YES;
				GCC_OPTIMIZATION_LEVEL = 0;
				GCC_PREPROCESSOR_DEFINITIONS = (
					"DEBUG=1",
					"$(inherited)",
				);
				GCC_WARN_64_TO_32_BIT_CONVERSION = YES;
				GCC_WARN_ABOUT_RETURN_TYPE = YES_ERROR;
				GCC_WARN_UNDECLARED_SELECTOR = YES;
				GCC_WARN_UNINITIALIZED_AUTOS = YES_AGGRESSIVE;
				GCC_WARN_UNUSED_FUNCTION = YES;
				GCC_WARN_UNUSED_VARIABLE = YES;
				IPHONEOS_DEPLOYMENT_TARGET = 9.1;
				MTL_ENABLE_DEBUG_INFO = YES;
				ONLY_ACTIVE_ARCH = YES;
				SDKROOT = iphoneos;
				SWIFT_OPTIMIZATION_LEVEL = "-Onone";
			};
			name = Debug;
		};
		6B3937701C2EC03F0012F534 /* Release */ = {
			isa = XCBuildConfiguration;
			buildSettings = {
				ALWAYS_SEARCH_USER_PATHS = NO;
				CLANG_CXX_LANGUAGE_STANDARD = "gnu++0x";
				CLANG_CXX_LIBRARY = "libc++";
				CLANG_ENABLE_MODULES = YES;
				CLANG_ENABLE_OBJC_ARC = YES;
				CLANG_WARN_BOOL_CONVERSION = YES;
				CLANG_WARN_CONSTANT_CONVERSION = YES;
				CLANG_WARN_DIRECT_OBJC_ISA_USAGE = YES_ERROR;
				CLANG_WARN_EMPTY_BODY = YES;
				CLANG_WARN_ENUM_CONVERSION = YES;
				CLANG_WARN_INT_CONVERSION = YES;
				CLANG_WARN_OBJC_ROOT_CLASS = YES_ERROR;
				CLANG_WARN_UNREACHABLE_CODE = YES;
				CLANG_WARN__DUPLICATE_METHOD_MATCH = YES;
				"CODE_SIGN_IDENTITY[sdk=iphoneos*]" = "iPhone Developer";
				COPY_PHASE_STRIP = NO;
				DEBUG_INFORMATION_FORMAT = "dwarf-with-dsym";
				ENABLE_NS_ASSERTIONS = NO;
				ENABLE_STRICT_OBJC_MSGSEND = YES;
				GCC_C_LANGUAGE_STANDARD = gnu99;
				GCC_NO_COMMON_BLOCKS = YES;
				GCC_WARN_64_TO_32_BIT_CONVERSION = YES;
				GCC_WARN_ABOUT_RETURN_TYPE = YES_ERROR;
				GCC_WARN_UNDECLARED_SELECTOR = YES;
				GCC_WARN_UNINITIALIZED_AUTOS = YES_AGGRESSIVE;
				GCC_WARN_UNUSED_FUNCTION = YES;
				GCC_WARN_UNUSED_VARIABLE = YES;
				IPHONEOS_DEPLOYMENT_TARGET = 9.1;
				MTL_ENABLE_DEBUG_INFO = NO;
				SDKROOT = iphoneos;
				VALIDATE_PRODUCT = YES;
			};
			name = Release;
		};
		6B3937721C2EC03F0012F534 /* Debug */ = {
			isa = XCBuildConfiguration;
			buildSettings = {
				ASSETCATALOG_COMPILER_APPICON_NAME = AppIcon;
				INFOPLIST_FILE = CarPooling/Info.plist;
				IPHONEOS_DEPLOYMENT_TARGET = 9.0;
				LD_RUNPATH_SEARCH_PATHS = "$(inherited) @executable_path/Frameworks";
				PRODUCT_BUNDLE_IDENTIFIER = com.balkhamissi.CarPooling;
				PRODUCT_NAME = "$(TARGET_NAME)";
				TARGETED_DEVICE_FAMILY = 1;
			};
			name = Debug;
		};
		6B3937731C2EC03F0012F534 /* Release */ = {
			isa = XCBuildConfiguration;
			buildSettings = {
				ASSETCATALOG_COMPILER_APPICON_NAME = AppIcon;
				INFOPLIST_FILE = CarPooling/Info.plist;
				IPHONEOS_DEPLOYMENT_TARGET = 9.0;
				LD_RUNPATH_SEARCH_PATHS = "$(inherited) @executable_path/Frameworks";
				PRODUCT_BUNDLE_IDENTIFIER = com.balkhamissi.CarPooling;
				PRODUCT_NAME = "$(TARGET_NAME)";
				TARGETED_DEVICE_FAMILY = 1;
			};
			name = Release;
		};
		6B3937751C2EC03F0012F534 /* Debug */ = {
			isa = XCBuildConfiguration;
			buildSettings = {
				BUNDLE_LOADER = "$(TEST_HOST)";
				INFOPLIST_FILE = CarPoolingTests/Info.plist;
				LD_RUNPATH_SEARCH_PATHS = "$(inherited) @executable_path/Frameworks @loader_path/Frameworks";
				PRODUCT_BUNDLE_IDENTIFIER = com.balkhamissi.CarPoolingTests;
				PRODUCT_NAME = "$(TARGET_NAME)";
				TEST_HOST = "$(BUILT_PRODUCTS_DIR)/CarPooling.app/CarPooling";
			};
			name = Debug;
		};
		6B3937761C2EC03F0012F534 /* Release */ = {
			isa = XCBuildConfiguration;
			buildSettings = {
				BUNDLE_LOADER = "$(TEST_HOST)";
				INFOPLIST_FILE = CarPoolingTests/Info.plist;
				LD_RUNPATH_SEARCH_PATHS = "$(inherited) @executable_path/Frameworks @loader_path/Frameworks";
				PRODUCT_BUNDLE_IDENTIFIER = com.balkhamissi.CarPoolingTests;
				PRODUCT_NAME = "$(TARGET_NAME)";
				TEST_HOST = "$(BUILT_PRODUCTS_DIR)/CarPooling.app/CarPooling";
			};
			name = Release;
		};
		6B3937781C2EC03F0012F534 /* Debug */ = {
			isa = XCBuildConfiguration;
			buildSettings = {
				INFOPLIST_FILE = CarPoolingUITests/Info.plist;
				LD_RUNPATH_SEARCH_PATHS = "$(inherited) @executable_path/Frameworks @loader_path/Frameworks";
				PRODUCT_BUNDLE_IDENTIFIER = com.balkhamissi.CarPoolingUITests;
				PRODUCT_NAME = "$(TARGET_NAME)";
				TEST_TARGET_NAME = CarPooling;
				USES_XCTRUNNER = YES;
			};
			name = Debug;
		};
		6B3937791C2EC03F0012F534 /* Release */ = {
			isa = XCBuildConfiguration;
			buildSettings = {
				INFOPLIST_FILE = CarPoolingUITests/Info.plist;
				LD_RUNPATH_SEARCH_PATHS = "$(inherited) @executable_path/Frameworks @loader_path/Frameworks";
				PRODUCT_BUNDLE_IDENTIFIER = com.balkhamissi.CarPoolingUITests;
				PRODUCT_NAME = "$(TARGET_NAME)";
				TEST_TARGET_NAME = CarPooling;
				USES_XCTRUNNER = YES;
			};
			name = Release;
		};
/* End XCBuildConfiguration section */

/* Begin XCConfigurationList section */
		6B3937411C2EC03F0012F534 /* Build configuration list for PBXProject "CarPooling" */ = {
			isa = XCConfigurationList;
			buildConfigurations = (
				6B39376F1C2EC03F0012F534 /* Debug */,
				6B3937701C2EC03F0012F534 /* Release */,
			);
			defaultConfigurationIsVisible = 0;
			defaultConfigurationName = Release;
		};
		6B3937711C2EC03F0012F534 /* Build configuration list for PBXNativeTarget "CarPooling" */ = {
			isa = XCConfigurationList;
			buildConfigurations = (
				6B3937721C2EC03F0012F534 /* Debug */,
				6B3937731C2EC03F0012F534 /* Release */,
			);
			defaultConfigurationIsVisible = 0;
			defaultConfigurationName = Release;
		};
		6B3937741C2EC03F0012F534 /* Build configuration list for PBXNativeTarget "CarPoolingTests" */ = {
			isa = XCConfigurationList;
			buildConfigurations = (
				6B3937751C2EC03F0012F534 /* Debug */,
				6B3937761C2EC03F0012F534 /* Release */,
			);
			defaultConfigurationIsVisible = 0;
			defaultConfigurationName = Release;
		};
		6B3937771C2EC03F0012F534 /* Build configuration list for PBXNativeTarget "CarPoolingUITests" */ = {
			isa = XCConfigurationList;
			buildConfigurations = (
				6B3937781C2EC03F0012F534 /* Debug */,
				6B3937791C2EC03F0012F534 /* Release */,
			);
			defaultConfigurationIsVisible = 0;
			defaultConfigurationName = Release;
		};
/* End XCConfigurationList section */

/* Begin XCVersionGroup section */
		6B3937501C2EC03F0012F534 /* CarPooling.xcdatamodeld */ = {
			isa = XCVersionGroup;
			children = (
				6B3937511C2EC03F0012F534 /* CarPooling.xcdatamodel */,
			);
			currentVersion = 6B3937511C2EC03F0012F534 /* CarPooling.xcdatamodel */;
			path = CarPooling.xcdatamodeld;
			sourceTree = "<group>";
			versionGroupType = wrapper.xcdatamodel;
		};
/* End XCVersionGroup section */
	};
	rootObject = 6B39373E1C2EC03F0012F534 /* Project object */;
}
